# THIS IS AN AUTOGENERATED FILE. DO NOT EDIT THIS FILE DIRECTLY.
# yarn lockfile v1


"@kurkle/color@^0.3.0":
  version "0.3.4"
  resolved "https://registry.npmjs.org/@kurkle/color/-/color-0.3.4.tgz"
  integrity sha512-M5UknZPHRu3DEDWoipU6sE8PdkZ6Z/S+v4dD+Ke8IaNlpdSQah50lz1KtcFBa2vsdOnwbbnxJwVM4wty6udA5w==

chart.js@^4.1.1, chart.js@^4.4.7:
  version "4.4.7"
  resolved "https://registry.npmjs.org/chart.js/-/chart.js-4.4.7.tgz"
  integrity sha512-pwkcKfdzTMAU/+jNosKhNL2bHtJc/sSmYgVbuGTEDhzkrhmyihmP7vUc/5ZK9WopidMDHNe3Wm7jOd/WhuHWuw==
  dependencies:
    "@kurkle/color" "^0.3.0"

gsap@^3.12.7:
  version "3.12.7"
  resolved "https://registry.npmjs.org/gsap/-/gsap-3.12.7.tgz"
  integrity sha512-V4GsyVamhmKefvcAKaoy0h6si0xX7ogwBoBSs2CTJwt7luW0oZzC0LhdkyuKV8PJAXr7Yaj8pMjCKD4GJ+eEMg==

is-dom-node-list@^1.2.1:
  version "1.2.1"
  resolved "https://registry.npmjs.org/is-dom-node-list/-/is-dom-node-list-1.2.1.tgz"
  integrity sha512-P1H071iT5TGG8pAHslhrLDo/tQLYc8tGuWABVqhGU4l2mm7aDNb9cx2myQ2AujEQO6B2cAujcW4a0/+6UfXInw==
  dependencies:
    is-dom-node "^1.0.4"

is-dom-node@^1.0.4:
  version "1.0.4"
  resolved "https://registry.npmjs.org/is-dom-node/-/is-dom-node-1.0.4.tgz"
  integrity sha512-NEnTHKCeyGJTL0cKdzATF8SWzyTMYf5CbNKWBvsXvyMxZG32g+a09qkeCbrfQNLTD85CbPeHb4YjIJCjyzF0yA==

miniraf@1.0.0:
  version "1.0.0"
  resolved "https://registry.npmjs.org/miniraf/-/miniraf-1.0.0.tgz"
  integrity sha512-XpvhtJYzVrpXe+JoAthrT9E40NIrSDDMcdHEYL2M+lR/OCas0nadetcBBq/MWYqlgV5aDWVQ3mfAqd+fG6Y/EQ==

react-chartjs-2@^5.3.0:
  version "5.3.0"
  resolved "https://registry.npmjs.org/react-chartjs-2/-/react-chartjs-2-5.3.0.tgz"
  integrity sha512-UfZZFnDsERI3c3CZGxzvNJd02SHjaSJ8kgW1djn65H1KK8rehwTjyrRKOG3VTMG8wtHZ5rgAO5oTHtHi9GCCmw==

"react@^16.8.0 || ^17.0.0 || ^18.0.0 || ^19.0.0":
  version "19.0.0"
  resolved "https://registry.npmjs.org/react/-/react-19.0.0.tgz"
  integrity sha512-V8AVnmPIICiWpGfm6GLzCR/W5FXLchHop40W4nXBmdlEceh16rCN8O8LNWm5bh5XUX91fh7KpA+W0TgMKmgTpQ==

rematrix@0.3.0:
  version "0.3.0"
  resolved "https://registry.npmjs.org/rematrix/-/rematrix-0.3.0.tgz"
  integrity sha512-xB/9ZvJIKaDgXX0qkvV9/pLD8zK23A6TVV6F8Vhsl+SrxbBeVYutz5uszxgC6Rt3RP9LZiH8OXaYjr+x6WXWmQ==

scrollreveal@^4.0.9:
  version "4.0.9"
  resolved "https://registry.npmjs.org/scrollreveal/-/scrollreveal-4.0.9.tgz"
  integrity sha512-fefGvzVS8YbXbDK1+T0kvy2yqxaiBJZeGUhPeqajf+7sGqtX4xikbKGAlzQuPCpswAMswx94ZwhDjXKnRIqW1w==
  dependencies:
    miniraf "1.0.0"
    rematrix "0.3.0"
    tealight "0.3.6"

tealight@0.3.6:
  version "0.3.6"
  resolved "https://registry.npmjs.org/tealight/-/tealight-0.3.6.tgz"
  integrity sha512-Dys3N8jFBThD9pNVpPCyUiu6DfWcTBdqWQJIvnAuVaFkGEdrPBJ43070vVbn6sTlLvn2IQK2zFW4FrVIrTo8eQ==
  dependencies:
    is-dom-node "^1.0.4"
    is-dom-node-list "^1.2.1"
