# THIS IS AN AUTOGENERATED FILE. DO NOT EDIT THIS FILE DIRECTLY.
# yarn lockfile v1


"@kurkle/color@^0.3.0":
  version "0.3.4"
  resolved "https://registry.npmjs.org/@kurkle/color/-/color-0.3.4.tgz"
  integrity sha512-M5UknZPHRu3DEDWoipU6sE8PdkZ6Z/S+v4dD+Ke8IaNlpdSQah50lz1KtcFBa2vsdOnwbbnxJwVM4wty6udA5w==

chart.js@^4.1.1, chart.js@^4.4.7:
  version "4.4.7"
  resolved "https://registry.npmjs.org/chart.js/-/chart.js-4.4.7.tgz"
  integrity sha512-pwkcKfdzTMAU/+jNosKhNL2bHtJc/sSmYgVbuGTEDhzkrhmyihmP7vUc/5ZK9WopidMDHNe3Wm7jOd/WhuHWuw==
  dependencies:
    "@kurkle/color" "^0.3.0"

gsap@^3.12.7:
  version "3.12.7"
  resolved "https://registry.npmjs.org/gsap/-/gsap-3.12.7.tgz"
  integrity sha512-V4GsyVamhmKefvcAKaoy0h6si0xX7ogwBoBSs2CTJwt7luW0oZzC0LhdkyuKV8PJAXr7Yaj8pMjCKD4GJ+eEMg==

react-chartjs-2@^5.3.0:
  version "5.3.0"
  resolved "https://registry.npmjs.org/react-chartjs-2/-/react-chartjs-2-5.3.0.tgz"
  integrity sha512-UfZZFnDsERI3c3CZGxzvNJd02SHjaSJ8kgW1djn65H1KK8rehwTjyrRKOG3VTMG8wtHZ5rgAO5oTHtHi9GCCmw==

"react@^16.8.0 || ^17.0.0 || ^18.0.0 || ^19.0.0":
  version "19.0.0"
  resolved "https://registry.npmjs.org/react/-/react-19.0.0.tgz"
  integrity sha512-V8AVnmPIICiWpGfm6GLzCR/W5FXLchHop40W4nXBmdlEceh16rCN8O8LNWm5bh5XUX91fh7KpA+W0TgMKmgTpQ==
